{
  "name": "enhance-short-plugin",
  "version": "0.0.1",
  "lockfileVersion": 2,
  "requires": true,
  "packages": {
    "": {
      "name": "enhance-short-plugin",
      "version": "0.0.1",
      "dependencies": {
        "@architect/functions": "^5.4.0",
        "@begin/data": "^4.0.2",
        "@begin/validator": "^0.0.10",
        "@enhance/arc-plugin-enhance": "github:enhance-dev/arc-plugin-enhance",
        "@enhance/form-elements": "github:enhance-dev/form-elements",
        "newbase60": "^1.3.1"
      }
    },
    "node_modules/@architect/asap": {
      "version": "5.1.1",
      "license": "Apache-2.0",
      "engines": {
        "node": ">=12"
      }
    },
    "node_modules/@architect/functions": {
      "version": "5.4.1",
      "license": "Apache-2.0",
      "dependencies": {
        "cookie": "^0.5.0",
        "cookie-signature": "^1.2.0",
        "csrf": "^3.1.0",
        "node-webtokens": "^1.0.4",
        "run-parallel": "^1.2.0",
        "run-waterfall": "^1.1.7",
        "uid-safe": "^2.1.5"
      },
      "engines": {
        "node": ">=12"
      }
    },
    "node_modules/@architect/inventory": {
      "version": "3.5.3",
      "license": "Apache-2.0",
      "dependencies": {
        "@architect/asap": "~5.1.1",
        "@architect/parser": "~6.0.2",
        "@architect/utils": "~3.1.7",
        "lambda-runtimes": "~1.1.4"
      },
      "engines": {
        "node": ">=14"
      }
    },
    "node_modules/@architect/parser": {
      "version": "6.0.2",
      "license": "Apache-2.0",
      "engines": {
        "node": ">=14"
      }
    },
    "node_modules/@architect/plugin-bundles": {
      "version": "3.2.0",
      "license": "Apache-2.0",
      "dependencies": {
        "esbuild": "^0.15.8"
      },
      "engines": {
        "node": ">=14"
      }
    },
    "node_modules/@architect/utils": {
      "version": "3.1.9",
      "license": "Apache-2.0",
      "dependencies": {
        "chalk": "4.1.2",
        "glob": "~10.2.2",
        "path-sort": "~0.1.0",
        "restore-cursor": "3.1.0",
        "run-series": "~1.1.9",
        "run-waterfall": "~1.1.7",
        "sha": "~3.0.0"
      },
      "engines": {
        "node": ">=14"
      }
    },
    "node_modules/@begin/data": {
      "version": "4.0.2",
      "license": "Apache-2.0",
      "dependencies": {
        "@begin/hashid": "^1.0.0",
        "run-parallel": "^1.2.0",
        "run-waterfall": "^1.1.7"
      },
      "engines": {
        "node": ">=12"
      }
    },
    "node_modules/@begin/hashid": {
      "version": "1.0.0",
      "license": "MIT"
    },
    "node_modules/@begin/parse5": {
      "version": "0.0.4",
      "dependencies": {
        "parse5": "^7.0.0"
      }
    },
    "node_modules/@begin/validator": {
      "version": "0.0.10",
      "license": "Apache-2.0",
      "dependencies": {
        "jsonschema": "^1.4.1"
      }
    },
    "node_modules/@enhance/arc-plugin-enhance": {
      "version": "6.1.3",
      "resolved": "git+ssh://git@github.com/enhance-dev/arc-plugin-enhance.git#e29ca61ad13502d977a084c47c5b292cddf09171",
      "license": "Apache-2.0",
      "dependencies": {
        "@architect/asap": "^5.1.1",
        "@architect/functions": "^6.0.0",
        "@architect/plugin-bundles": "^3.2.0",
        "@begin/data": "^4.0.2",
        "@enhance/arc-plugin-rollup": "^2.0.0",
        "@enhance/arc-plugin-styles": "^3.0.3",
        "@enhance/enhance-style-transform": "^0.1.1",
        "@enhance/import-transform": "^4.0.0",
        "@enhance/ssr": "^3.3.1",
        "glob": "^9.2.1",
        "path-to-regexp": "^6.2.1"
      },
      "engines": {
        "node": ">=14"
      }
    },
    "node_modules/@enhance/arc-plugin-enhance/node_modules/@architect/functions": {
      "version": "6.0.0",
      "license": "Apache-2.0",
      "dependencies": {
        "cookie": "^0.5.0",
        "cookie-signature": "^1.2.1",
        "csrf": "^3.1.0",
        "node-webtokens": "^1.0.4",
        "run-parallel": "^1.2.0",
        "run-waterfall": "^1.1.7",
        "uid-safe": "^2.1.5"
      },
      "engines": {
        "node": ">=14"
      }
    },
    "node_modules/@enhance/arc-plugin-enhance/node_modules/brace-expansion": {
      "version": "2.0.1",
      "license": "MIT",
      "dependencies": {
        "balanced-match": "^1.0.0"
      }
    },
    "node_modules/@enhance/arc-plugin-enhance/node_modules/glob": {
      "version": "9.3.5",
      "license": "ISC",
      "dependencies": {
        "fs.realpath": "^1.0.0",
        "minimatch": "^8.0.2",
        "minipass": "^4.2.4",
        "path-scurry": "^1.6.1"
      },
      "engines": {
        "node": ">=16 || 14 >=14.17"
      },
      "funding": {
        "url": "https://github.com/sponsors/isaacs"
      }
    },
    "node_modules/@enhance/arc-plugin-enhance/node_modules/minimatch": {
      "version": "8.0.4",
      "license": "ISC",
      "dependencies": {
        "brace-expansion": "^2.0.1"
      },
      "engines": {
        "node": ">=16 || 14 >=14.17"
      },
      "funding": {
        "url": "https://github.com/sponsors/isaacs"
      }
    },
    "node_modules/@enhance/arc-plugin-enhance/node_modules/minipass": {
      "version": "4.2.8",
      "license": "ISC",
      "engines": {
        "node": ">=8"
      }
    },
    "node_modules/@enhance/arc-plugin-rollup": {
      "version": "2.0.0",
      "license": "Apache-2.0",
      "dependencies": {
        "@rollup/plugin-commonjs": "^24.0.1",
        "@rollup/plugin-node-resolve": "^15.0.1",
        "rollup": "^3.7.4"
      },
      "engines": {
        "node": ">=14"
      }
    },
    "node_modules/@enhance/arc-plugin-styles": {
      "version": "3.0.3",
      "license": "Apache-2.0",
      "dependencies": {
        "@architect/functions": "^5.3.1",
        "@architect/inventory": "^3.3.4",
        "@enhance/styles": "^5.0.4"
      },
      "engines": {
        "node": ">=14"
      }
    },
    "node_modules/@enhance/css-parser": {
      "version": "1.0.0",
      "license": "MIT",
      "dependencies": {
        "inherits": "^2.0.4",
        "source-map": "^0.6.1",
        "source-map-resolve": "^0.6.0"
      }
    },
    "node_modules/@enhance/enhance-style-transform": {
      "version": "0.1.1",
      "license": "ISC",
      "dependencies": {
        "@enhance/css-parser": "^1.0.0"
      }
    },
    "node_modules/@enhance/form-elements": {
      "version": "1.0.1",
      "resolved": "git+ssh://git@github.com/enhance-dev/form-elements.git#4df97dabc74fa16917d975f7c1ffa5d5690cf1b1",
      "license": "ISC",
      "peerDependencies": {
        "@enhance/styles": "^5.0.1"
      }
    },
    "node_modules/@enhance/import-transform": {
      "version": "4.0.0",
      "license": "Apache-2.0",
      "dependencies": {
        "@architect/functions": "^5.1.0"
      },
      "engines": {
        "node": ">=14.0.0"
      }
    },
    "node_modules/@enhance/ssr": {
      "version": "3.4.0",
      "license": "Apache-2.0",
      "dependencies": {
        "@begin/parse5": "^0.0.4",
        "nanoid": "^4.0.1"
      },
      "engines": {
        "node": ">=14.0.0"
      }
    },
    "node_modules/@enhance/styles": {
      "version": "5.0.4",
      "license": "Apache-2.0",
      "dependencies": {
        "color-to-hsla": "^0.1.1"
      },
      "bin": {
        "enhance-styles": "cli.mjs"
      }
    },
    "node_modules/@isaacs/cliui": {
      "version": "8.0.2",
      "license": "ISC",
      "dependencies": {
        "string-width": "^5.1.2",
        "string-width-cjs": "npm:string-width@^4.2.0",
        "strip-ansi": "^7.0.1",
        "strip-ansi-cjs": "npm:strip-ansi@^6.0.1",
        "wrap-ansi": "^8.1.0",
        "wrap-ansi-cjs": "npm:wrap-ansi@^7.0.0"
      },
      "engines": {
        "node": ">=12"
      }
    },
    "node_modules/@isaacs/cliui/node_modules/ansi-regex": {
      "version": "6.0.1",
      "license": "MIT",
      "engines": {
        "node": ">=12"
      },
      "funding": {
        "url": "https://github.com/chalk/ansi-regex?sponsor=1"
      }
    },
    "node_modules/@isaacs/cliui/node_modules/strip-ansi": {
      "version": "7.1.0",
      "license": "MIT",
      "dependencies": {
        "ansi-regex": "^6.0.1"
      },
      "engines": {
        "node": ">=12"
      },
      "funding": {
        "url": "https://github.com/chalk/strip-ansi?sponsor=1"
      }
    },
    "node_modules/@jridgewell/sourcemap-codec": {
      "version": "1.4.15",
      "license": "MIT"
    },
    "node_modules/@pkgjs/parseargs": {
      "version": "0.11.0",
      "license": "MIT",
      "optional": true,
      "engines": {
        "node": ">=14"
      }
    },
    "node_modules/@rollup/plugin-commonjs": {
      "version": "24.1.0",
      "license": "MIT",
      "dependencies": {
        "@rollup/pluginutils": "^5.0.1",
        "commondir": "^1.0.1",
        "estree-walker": "^2.0.2",
        "glob": "^8.0.3",
        "is-reference": "1.2.1",
        "magic-string": "^0.27.0"
      },
      "engines": {
        "node": ">=14.0.0"
      },
      "peerDependencies": {
        "rollup": "^2.68.0||^3.0.0"
      },
      "peerDependenciesMeta": {
        "rollup": {
          "optional": true
        }
      }
    },
    "node_modules/@rollup/plugin-commonjs/node_modules/brace-expansion": {
      "version": "2.0.1",
      "license": "MIT",
      "dependencies": {
        "balanced-match": "^1.0.0"
      }
    },
    "node_modules/@rollup/plugin-commonjs/node_modules/glob": {
      "version": "8.1.0",
      "license": "ISC",
      "dependencies": {
        "fs.realpath": "^1.0.0",
        "inflight": "^1.0.4",
        "inherits": "2",
        "minimatch": "^5.0.1",
        "once": "^1.3.0"
      },
      "engines": {
        "node": ">=12"
      },
      "funding": {
        "url": "https://github.com/sponsors/isaacs"
      }
    },
    "node_modules/@rollup/plugin-commonjs/node_modules/minimatch": {
      "version": "5.1.6",
      "license": "ISC",
      "dependencies": {
        "brace-expansion": "^2.0.1"
      },
      "engines": {
        "node": ">=10"
      }
    },
    "node_modules/@rollup/plugin-node-resolve": {
      "version": "15.1.0",
      "license": "MIT",
      "dependencies": {
        "@rollup/pluginutils": "^5.0.1",
        "@types/resolve": "1.20.2",
        "deepmerge": "^4.2.2",
        "is-builtin-module": "^3.2.1",
        "is-module": "^1.0.0",
        "resolve": "^1.22.1"
      },
      "engines": {
        "node": ">=14.0.0"
      },
      "peerDependencies": {
        "rollup": "^2.78.0||^3.0.0"
      },
      "peerDependenciesMeta": {
        "rollup": {
          "optional": true
        }
      }
    },
    "node_modules/@rollup/pluginutils": {
      "version": "5.0.2",
      "license": "MIT",
      "dependencies": {
        "@types/estree": "^1.0.0",
        "estree-walker": "^2.0.2",
        "picomatch": "^2.3.1"
      },
      "engines": {
        "node": ">=14.0.0"
      },
      "peerDependencies": {
        "rollup": "^1.20.0||^2.0.0||^3.0.0"
      },
      "peerDependenciesMeta": {
        "rollup": {
          "optional": true
        }
      }
    },
    "node_modules/@types/estree": {
      "version": "1.0.1",
      "license": "MIT"
    },
    "node_modules/@types/resolve": {
      "version": "1.20.2",
      "license": "MIT"
    },
    "node_modules/ansi-regex": {
      "version": "5.0.1",
      "license": "MIT",
      "engines": {
        "node": ">=8"
      }
    },
    "node_modules/ansi-styles": {
      "version": "4.3.0",
      "license": "MIT",
      "dependencies": {
        "color-convert": "^2.0.1"
      },
      "engines": {
        "node": ">=8"
      },
      "funding": {
        "url": "https://github.com/chalk/ansi-styles?sponsor=1"
      }
    },
    "node_modules/atob": {
      "version": "2.1.2",
      "license": "(MIT OR Apache-2.0)",
      "bin": {
        "atob": "bin/atob.js"
      },
      "engines": {
        "node": ">= 4.5.0"
      }
    },
    "node_modules/balanced-match": {
      "version": "1.0.2",
      "license": "MIT"
    },
    "node_modules/builtin-modules": {
      "version": "3.3.0",
      "license": "MIT",
      "engines": {
        "node": ">=6"
      },
      "funding": {
        "url": "https://github.com/sponsors/sindresorhus"
      }
    },
    "node_modules/chalk": {
      "version": "4.1.2",
      "license": "MIT",
      "dependencies": {
        "ansi-styles": "^4.1.0",
        "supports-color": "^7.1.0"
      },
      "engines": {
        "node": ">=10"
      },
      "funding": {
        "url": "https://github.com/chalk/chalk?sponsor=1"
      }
    },
    "node_modules/color-convert": {
      "version": "2.0.1",
      "license": "MIT",
      "dependencies": {
        "color-name": "~1.1.4"
      },
      "engines": {
        "node": ">=7.0.0"
      }
    },
    "node_modules/color-name": {
      "version": "1.1.4",
      "license": "MIT"
    },
    "node_modules/color-to-hsla": {
      "version": "0.1.1",
      "license": "MIT"
    },
    "node_modules/commondir": {
      "version": "1.0.1",
      "license": "MIT"
    },
    "node_modules/cookie": {
      "version": "0.5.0",
      "license": "MIT",
      "engines": {
        "node": ">= 0.6"
      }
    },
    "node_modules/cookie-signature": {
      "version": "1.2.1",
      "license": "MIT",
      "engines": {
        "node": ">=6.6.0"
      }
    },
    "node_modules/cross-spawn": {
      "version": "7.0.3",
      "license": "MIT",
      "dependencies": {
        "path-key": "^3.1.0",
        "shebang-command": "^2.0.0",
        "which": "^2.0.1"
      },
      "engines": {
        "node": ">= 8"
      }
    },
    "node_modules/csrf": {
      "version": "3.1.0",
      "license": "MIT",
      "dependencies": {
        "rndm": "1.2.0",
        "tsscmp": "1.0.6",
        "uid-safe": "2.1.5"
      },
      "engines": {
        "node": ">= 0.8"
      }
    },
    "node_modules/decode-uri-component": {
      "version": "0.2.2",
      "license": "MIT",
      "engines": {
        "node": ">=0.10"
      }
    },
    "node_modules/deepmerge": {
      "version": "4.3.1",
      "license": "MIT",
      "engines": {
        "node": ">=0.10.0"
      }
    },
    "node_modules/eastasianwidth": {
      "version": "0.2.0",
      "license": "MIT"
    },
    "node_modules/emoji-regex": {
      "version": "9.2.2",
      "license": "MIT"
    },
    "node_modules/entities": {
      "version": "4.5.0",
      "license": "BSD-2-Clause",
      "engines": {
        "node": ">=0.12"
      },
      "funding": {
        "url": "https://github.com/fb55/entities?sponsor=1"
      }
    },
    "node_modules/esbuild": {
      "version": "0.15.18",
      "hasInstallScript": true,
      "license": "MIT",
      "bin": {
        "esbuild": "bin/esbuild"
      },
      "engines": {
        "node": ">=12"
      },
      "optionalDependencies": {
        "@esbuild/android-arm": "0.15.18",
        "@esbuild/linux-loong64": "0.15.18",
        "esbuild-android-64": "0.15.18",
        "esbuild-android-arm64": "0.15.18",
        "esbuild-darwin-64": "0.15.18",
        "esbuild-darwin-arm64": "0.15.18",
        "esbuild-freebsd-64": "0.15.18",
        "esbuild-freebsd-arm64": "0.15.18",
        "esbuild-linux-32": "0.15.18",
        "esbuild-linux-64": "0.15.18",
        "esbuild-linux-arm": "0.15.18",
        "esbuild-linux-arm64": "0.15.18",
        "esbuild-linux-mips64le": "0.15.18",
        "esbuild-linux-ppc64le": "0.15.18",
        "esbuild-linux-riscv64": "0.15.18",
        "esbuild-linux-s390x": "0.15.18",
        "esbuild-netbsd-64": "0.15.18",
        "esbuild-openbsd-64": "0.15.18",
        "esbuild-sunos-64": "0.15.18",
        "esbuild-windows-32": "0.15.18",
        "esbuild-windows-64": "0.15.18",
        "esbuild-windows-arm64": "0.15.18"
      }
    },
    "node_modules/esbuild-darwin-arm64": {
      "version": "0.15.18",
      "cpu": [
        "arm64"
      ],
      "license": "MIT",
      "optional": true,
      "os": [
        "darwin"
      ],
      "engines": {
        "node": ">=12"
      }
    },
    "node_modules/estree-walker": {
      "version": "2.0.2",
      "license": "MIT"
    },
    "node_modules/foreground-child": {
      "version": "3.1.1",
      "license": "ISC",
      "dependencies": {
        "cross-spawn": "^7.0.0",
        "signal-exit": "^4.0.1"
      },
      "engines": {
        "node": ">=14"
      },
      "funding": {
        "url": "https://github.com/sponsors/isaacs"
      }
    },
    "node_modules/fs.realpath": {
      "version": "1.0.0",
      "license": "ISC"
    },
    "node_modules/fsevents": {
      "version": "2.3.2",
      "license": "MIT",
      "optional": true,
      "os": [
        "darwin"
      ],
      "engines": {
        "node": "^8.16.0 || ^10.6.0 || >=11.0.0"
      }
    },
    "node_modules/function-bind": {
      "version": "1.1.1",
      "license": "MIT"
    },
    "node_modules/glob": {
      "version": "10.2.6",
      "license": "ISC",
      "dependencies": {
        "foreground-child": "^3.1.0",
        "jackspeak": "^2.0.3",
        "minimatch": "^9.0.1",
        "minipass": "^5.0.0 || ^6.0.2",
        "path-scurry": "^1.7.0"
      },
      "bin": {
        "glob": "dist/cjs/src/bin.js"
      },
      "engines": {
        "node": ">=16 || 14 >=14.17"
      },
      "funding": {
        "url": "https://github.com/sponsors/isaacs"
      }
    },
    "node_modules/glob/node_modules/brace-expansion": {
      "version": "2.0.1",
      "license": "MIT",
      "dependencies": {
        "balanced-match": "^1.0.0"
      }
    },
    "node_modules/glob/node_modules/minimatch": {
      "version": "9.0.1",
      "license": "ISC",
      "dependencies": {
        "brace-expansion": "^2.0.1"
      },
      "engines": {
        "node": ">=16 || 14 >=14.17"
      },
      "funding": {
        "url": "https://github.com/sponsors/isaacs"
      }
    },
    "node_modules/graceful-fs": {
      "version": "4.2.11",
      "license": "ISC"
    },
    "node_modules/has": {
      "version": "1.0.3",
      "license": "MIT",
      "dependencies": {
        "function-bind": "^1.1.1"
      },
      "engines": {
        "node": ">= 0.4.0"
      }
    },
    "node_modules/has-flag": {
      "version": "4.0.0",
      "license": "MIT",
      "engines": {
        "node": ">=8"
      }
    },
    "node_modules/inflight": {
      "version": "1.0.6",
      "license": "ISC",
      "dependencies": {
        "once": "^1.3.0",
        "wrappy": "1"
      }
    },
    "node_modules/inherits": {
      "version": "2.0.4",
      "license": "ISC"
    },
    "node_modules/is-builtin-module": {
      "version": "3.2.1",
      "license": "MIT",
      "dependencies": {
        "builtin-modules": "^3.3.0"
      },
      "engines": {
        "node": ">=6"
      },
      "funding": {
        "url": "https://github.com/sponsors/sindresorhus"
      }
    },
    "node_modules/is-core-module": {
      "version": "2.12.1",
      "license": "MIT",
      "dependencies": {
        "has": "^1.0.3"
      },
      "funding": {
        "url": "https://github.com/sponsors/ljharb"
      }
    },
    "node_modules/is-fullwidth-code-point": {
      "version": "3.0.0",
      "license": "MIT",
      "engines": {
        "node": ">=8"
      }
    },
    "node_modules/is-module": {
      "version": "1.0.0",
      "license": "MIT"
    },
    "node_modules/is-reference": {
      "version": "1.2.1",
      "license": "MIT",
      "dependencies": {
        "@types/estree": "*"
      }
    },
    "node_modules/isexe": {
      "version": "2.0.0",
      "license": "ISC"
    },
    "node_modules/jackspeak": {
      "version": "2.2.1",
      "license": "BlueOak-1.0.0",
      "dependencies": {
        "@isaacs/cliui": "^8.0.2"
      },
      "engines": {
        "node": ">=14"
      },
      "funding": {
        "url": "https://github.com/sponsors/isaacs"
      },
      "optionalDependencies": {
        "@pkgjs/parseargs": "^0.11.0"
      }
    },
    "node_modules/jsonschema": {
      "version": "1.4.1",
      "license": "MIT",
      "engines": {
        "node": "*"
      }
    },
    "node_modules/lambda-runtimes": {
      "version": "1.1.4",
      "license": "Apache-2.0",
      "engines": {
        "node": ">=14"
      }
    },
    "node_modules/lru-cache": {
      "version": "9.1.2",
      "license": "ISC",
      "engines": {
        "node": "14 || >=16.14"
      }
    },
    "node_modules/magic-string": {
      "version": "0.27.0",
      "license": "MIT",
      "dependencies": {
        "@jridgewell/sourcemap-codec": "^1.4.13"
      },
      "engines": {
        "node": ">=12"
      }
    },
    "node_modules/mimic-fn": {
      "version": "2.1.0",
      "license": "MIT",
      "engines": {
        "node": ">=6"
      }
    },
    "node_modules/minipass": {
      "version": "6.0.2",
      "license": "ISC",
      "engines": {
        "node": ">=16 || 14 >=14.17"
      }
    },
    "node_modules/nanoid": {
      "version": "4.0.2",
      "funding": [
        {
          "type": "github",
          "url": "https://github.com/sponsors/ai"
        }
      ],
      "license": "MIT",
      "bin": {
        "nanoid": "bin/nanoid.js"
      },
      "engines": {
        "node": "^14 || ^16 || >=18"
      }
    },
    "node_modules/newbase60": {
      "version": "1.3.1"
    },
    "node_modules/node-webtokens": {
      "version": "1.0.4",
      "license": "MIT",
      "engines": {
        "node": ">=6.6.0"
      }
    },
    "node_modules/once": {
      "version": "1.4.0",
      "license": "ISC",
      "dependencies": {
        "wrappy": "1"
      }
    },
    "node_modules/onetime": {
      "version": "5.1.2",
      "license": "MIT",
      "dependencies": {
        "mimic-fn": "^2.1.0"
      },
      "engines": {
        "node": ">=6"
      },
      "funding": {
        "url": "https://github.com/sponsors/sindresorhus"
      }
    },
    "node_modules/parse5": {
      "version": "7.1.2",
      "license": "MIT",
      "dependencies": {
        "entities": "^4.4.0"
      },
      "funding": {
        "url": "https://github.com/inikulin/parse5?sponsor=1"
      }
    },
    "node_modules/path-key": {
      "version": "3.1.1",
      "license": "MIT",
      "engines": {
        "node": ">=8"
      }
    },
    "node_modules/path-parse": {
      "version": "1.0.7",
      "license": "MIT"
    },
    "node_modules/path-scurry": {
      "version": "1.9.2",
      "license": "BlueOak-1.0.0",
      "dependencies": {
        "lru-cache": "^9.1.1",
        "minipass": "^5.0.0 || ^6.0.2"
      },
      "engines": {
        "node": ">=16 || 14 >=14.17"
      },
      "funding": {
        "url": "https://github.com/sponsors/isaacs"
      }
    },
    "node_modules/path-sort": {
      "version": "0.1.0",
      "license": "MIT"
    },
    "node_modules/path-to-regexp": {
      "version": "6.2.1",
      "license": "MIT"
    },
    "node_modules/picomatch": {
      "version": "2.3.1",
      "license": "MIT",
      "engines": {
        "node": ">=8.6"
      },
      "funding": {
        "url": "https://github.com/sponsors/jonschlinkert"
      }
    },
    "node_modules/queue-microtask": {
      "version": "1.2.3",
      "funding": [
        {
          "type": "github",
          "url": "https://github.com/sponsors/feross"
        },
        {
          "type": "patreon",
          "url": "https://www.patreon.com/feross"
        },
        {
          "type": "consulting",
          "url": "https://feross.org/support"
        }
      ],
      "license": "MIT"
    },
    "node_modules/random-bytes": {
      "version": "1.0.0",
      "license": "MIT",
      "engines": {
        "node": ">= 0.8"
      }
    },
    "node_modules/resolve": {
      "version": "1.22.2",
      "license": "MIT",
      "dependencies": {
        "is-core-module": "^2.11.0",
        "path-parse": "^1.0.7",
        "supports-preserve-symlinks-flag": "^1.0.0"
      },
      "bin": {
        "resolve": "bin/resolve"
      },
      "funding": {
        "url": "https://github.com/sponsors/ljharb"
      }
    },
    "node_modules/restore-cursor": {
      "version": "3.1.0",
      "license": "MIT",
      "dependencies": {
        "onetime": "^5.1.0",
        "signal-exit": "^3.0.2"
      },
      "engines": {
        "node": ">=8"
      }
    },
    "node_modules/restore-cursor/node_modules/signal-exit": {
      "version": "3.0.7",
      "license": "ISC"
    },
    "node_modules/rndm": {
      "version": "1.2.0",
      "license": "MIT"
    },
    "node_modules/rollup": {
      "version": "3.23.1",
      "license": "MIT",
      "bin": {
        "rollup": "dist/bin/rollup"
      },
      "engines": {
        "node": ">=14.18.0",
        "npm": ">=8.0.0"
      },
      "optionalDependencies": {
        "fsevents": "~2.3.2"
      }
    },
    "node_modules/run-parallel": {
      "version": "1.2.0",
      "funding": [
        {
          "type": "github",
          "url": "https://github.com/sponsors/feross"
        },
        {
          "type": "patreon",
          "url": "https://www.patreon.com/feross"
        },
        {
          "type": "consulting",
          "url": "https://feross.org/support"
        }
      ],
      "license": "MIT",
      "dependencies": {
        "queue-microtask": "^1.2.2"
      }
    },
    "node_modules/run-series": {
      "version": "1.1.9",
      "funding": [
        {
          "type": "github",
          "url": "https://github.com/sponsors/feross"
        },
        {
          "type": "patreon",
          "url": "https://www.patreon.com/feross"
        },
        {
          "type": "consulting",
          "url": "https://feross.org/support"
        }
      ],
      "license": "MIT"
    },
    "node_modules/run-waterfall": {
      "version": "1.1.7",
      "funding": [
        {
          "type": "github",
          "url": "https://github.com/sponsors/feross"
        },
        {
          "type": "patreon",
          "url": "https://www.patreon.com/feross"
        },
        {
          "type": "consulting",
          "url": "https://feross.org/support"
        }
      ],
      "license": "MIT"
    },
    "node_modules/sha": {
      "version": "3.0.0",
      "license": "(BSD-2-Clause OR MIT)",
      "dependencies": {
        "graceful-fs": "^4.1.2"
      }
    },
    "node_modules/shebang-command": {
      "version": "2.0.0",
      "license": "MIT",
      "dependencies": {
        "shebang-regex": "^3.0.0"
      },
      "engines": {
        "node": ">=8"
      }
    },
    "node_modules/shebang-regex": {
      "version": "3.0.0",
      "license": "MIT",
      "engines": {
        "node": ">=8"
      }
    },
    "node_modules/signal-exit": {
      "version": "4.0.2",
      "license": "ISC",
      "engines": {
        "node": ">=14"
      },
      "funding": {
        "url": "https://github.com/sponsors/isaacs"
      }
    },
    "node_modules/source-map": {
      "version": "0.6.1",
      "license": "BSD-3-Clause",
      "engines": {
        "node": ">=0.10.0"
      }
    },
    "node_modules/source-map-resolve": {
      "version": "0.6.0",
      "license": "MIT",
      "dependencies": {
        "atob": "^2.1.2",
        "decode-uri-component": "^0.2.0"
      }
    },
    "node_modules/string-width": {
      "version": "5.1.2",
      "license": "MIT",
      "dependencies": {
        "eastasianwidth": "^0.2.0",
        "emoji-regex": "^9.2.2",
        "strip-ansi": "^7.0.1"
      },
      "engines": {
        "node": ">=12"
      },
      "funding": {
        "url": "https://github.com/sponsors/sindresorhus"
      }
    },
    "node_modules/string-width-cjs": {
      "name": "string-width",
      "version": "4.2.3",
      "license": "MIT",
      "dependencies": {
        "emoji-regex": "^8.0.0",
        "is-fullwidth-code-point": "^3.0.0",
        "strip-ansi": "^6.0.1"
      },
      "engines": {
        "node": ">=8"
      }
    },
    "node_modules/string-width-cjs/node_modules/emoji-regex": {
      "version": "8.0.0",
      "license": "MIT"
    },
    "node_modules/string-width/node_modules/ansi-regex": {
      "version": "6.0.1",
      "license": "MIT",
      "engines": {
        "node": ">=12"
      },
      "funding": {
        "url": "https://github.com/chalk/ansi-regex?sponsor=1"
      }
    },
    "node_modules/string-width/node_modules/strip-ansi": {
      "version": "7.1.0",
      "license": "MIT",
      "dependencies": {
        "ansi-regex": "^6.0.1"
      },
      "engines": {
        "node": ">=12"
      },
      "funding": {
        "url": "https://github.com/chalk/strip-ansi?sponsor=1"
      }
    },
    "node_modules/strip-ansi": {
      "version": "6.0.1",
      "license": "MIT",
      "dependencies": {
        "ansi-regex": "^5.0.1"
      },
      "engines": {
        "node": ">=8"
      }
    },
    "node_modules/strip-ansi-cjs": {
      "name": "strip-ansi",
      "version": "6.0.1",
      "license": "MIT",
      "dependencies": {
        "ansi-regex": "^5.0.1"
      },
      "engines": {
        "node": ">=8"
      }
    },
    "node_modules/supports-color": {
      "version": "7.2.0",
      "license": "MIT",
      "dependencies": {
        "has-flag": "^4.0.0"
      },
      "engines": {
        "node": ">=8"
      }
    },
    "node_modules/supports-preserve-symlinks-flag": {
      "version": "1.0.0",
      "license": "MIT",
      "engines": {
        "node": ">= 0.4"
      },
      "funding": {
        "url": "https://github.com/sponsors/ljharb"
      }
    },
    "node_modules/tsscmp": {
      "version": "1.0.6",
      "license": "MIT",
      "engines": {
        "node": ">=0.6.x"
      }
    },
    "node_modules/uid-safe": {
      "version": "2.1.5",
      "license": "MIT",
      "dependencies": {
        "random-bytes": "~1.0.0"
      },
      "engines": {
        "node": ">= 0.8"
      }
    },
    "node_modules/which": {
      "version": "2.0.2",
      "license": "ISC",
      "dependencies": {
        "isexe": "^2.0.0"
      },
      "bin": {
        "node-which": "bin/node-which"
      },
      "engines": {
        "node": ">= 8"
      }
    },
    "node_modules/wrap-ansi": {
      "version": "8.1.0",
      "license": "MIT",
      "dependencies": {
        "ansi-styles": "^6.1.0",
        "string-width": "^5.0.1",
        "strip-ansi": "^7.0.1"
      },
      "engines": {
        "node": ">=12"
      },
      "funding": {
        "url": "https://github.com/chalk/wrap-ansi?sponsor=1"
      }
    },
    "node_modules/wrap-ansi-cjs": {
      "name": "wrap-ansi",
      "version": "7.0.0",
      "license": "MIT",
      "dependencies": {
        "ansi-styles": "^4.0.0",
        "string-width": "^4.1.0",
        "strip-ansi": "^6.0.0"
      },
      "engines": {
        "node": ">=10"
      },
      "funding": {
        "url": "https://github.com/chalk/wrap-ansi?sponsor=1"
      }
    },
    "node_modules/wrap-ansi-cjs/node_modules/emoji-regex": {
      "version": "8.0.0",
      "license": "MIT"
    },
    "node_modules/wrap-ansi-cjs/node_modules/string-width": {
      "version": "4.2.3",
      "license": "MIT",
      "dependencies": {
        "emoji-regex": "^8.0.0",
        "is-fullwidth-code-point": "^3.0.0",
        "strip-ansi": "^6.0.1"
      },
      "engines": {
        "node": ">=8"
      }
    },
    "node_modules/wrap-ansi/node_modules/ansi-regex": {
      "version": "6.0.1",
      "license": "MIT",
      "engines": {
        "node": ">=12"
      },
      "funding": {
        "url": "https://github.com/chalk/ansi-regex?sponsor=1"
      }
    },
    "node_modules/wrap-ansi/node_modules/ansi-styles": {
      "version": "6.2.1",
      "license": "MIT",
      "engines": {
        "node": ">=12"
      },
      "funding": {
        "url": "https://github.com/chalk/ansi-styles?sponsor=1"
      }
    },
    "node_modules/wrap-ansi/node_modules/strip-ansi": {
      "version": "7.1.0",
      "license": "MIT",
      "dependencies": {
        "ansi-regex": "^6.0.1"
      },
      "engines": {
        "node": ">=12"
      },
      "funding": {
        "url": "https://github.com/chalk/strip-ansi?sponsor=1"
      }
    },
    "node_modules/wrappy": {
      "version": "1.0.2",
      "license": "ISC"
    }
  },
  "dependencies": {
    "@architect/asap": {
      "version": "5.1.1"
    },
    "@architect/functions": {
      "version": "5.4.1",
      "requires": {
        "cookie": "^0.5.0",
        "cookie-signature": "^1.2.0",
        "csrf": "^3.1.0",
        "node-webtokens": "^1.0.4",
        "run-parallel": "^1.2.0",
        "run-waterfall": "^1.1.7",
        "uid-safe": "^2.1.5"
      }
    },
    "@architect/inventory": {
      "version": "3.5.3",
      "requires": {
        "@architect/asap": "~5.1.1",
        "@architect/parser": "~6.0.2",
        "@architect/utils": "~3.1.7",
        "lambda-runtimes": "~1.1.4"
      }
    },
    "@architect/parser": {
      "version": "6.0.2"
    },
    "@architect/plugin-bundles": {
      "version": "3.2.0",
      "requires": {
        "esbuild": "^0.15.8"
      }
    },
    "@architect/utils": {
      "version": "3.1.9",
      "requires": {
        "chalk": "4.1.2",
        "glob": "~10.2.2",
        "path-sort": "~0.1.0",
        "restore-cursor": "3.1.0",
        "run-series": "~1.1.9",
        "run-waterfall": "~1.1.7",
        "sha": "~3.0.0"
      }
    },
    "@begin/data": {
      "version": "4.0.2",
      "requires": {
        "@begin/hashid": "^1.0.0",
        "run-parallel": "^1.2.0",
        "run-waterfall": "^1.1.7"
      }
    },
    "@begin/hashid": {
      "version": "1.0.0"
    },
    "@begin/parse5": {
      "version": "0.0.4",
      "requires": {
        "parse5": "^7.0.0"
      }
    },
    "@begin/validator": {
      "version": "0.0.10",
      "requires": {
        "jsonschema": "^1.4.1"
      }
    },
    "@enhance/arc-plugin-enhance": {
      "version": "git+ssh://git@github.com/enhance-dev/arc-plugin-enhance.git#e29ca61ad13502d977a084c47c5b292cddf09171",
      "from": "@enhance/arc-plugin-enhance@github:enhance-dev/arc-plugin-enhance",
      "requires": {
        "@architect/asap": "^5.1.1",
        "@architect/functions": "^6.0.0",
        "@architect/plugin-bundles": "^3.2.0",
        "@begin/data": "^4.0.2",
        "@enhance/arc-plugin-rollup": "^2.0.0",
        "@enhance/arc-plugin-styles": "^3.0.3",
        "@enhance/enhance-style-transform": "^0.1.1",
        "@enhance/import-transform": "^4.0.0",
        "@enhance/ssr": "^3.3.1",
        "glob": "^9.2.1",
        "path-to-regexp": "^6.2.1"
      },
      "dependencies": {
        "@architect/functions": {
          "version": "6.0.0",
          "requires": {
            "cookie": "^0.5.0",
            "cookie-signature": "^1.2.1",
            "csrf": "^3.1.0",
            "node-webtokens": "^1.0.4",
            "run-parallel": "^1.2.0",
            "run-waterfall": "^1.1.7",
            "uid-safe": "^2.1.5"
          }
        },
        "brace-expansion": {
          "version": "2.0.1",
          "requires": {
            "balanced-match": "^1.0.0"
          }
        },
        "glob": {
          "version": "9.3.5",
          "requires": {
            "fs.realpath": "^1.0.0",
            "minimatch": "^8.0.2",
            "minipass": "^4.2.4",
            "path-scurry": "^1.6.1"
          }
        },
        "minimatch": {
          "version": "8.0.4",
          "requires": {
            "brace-expansion": "^2.0.1"
          }
        },
        "minipass": {
          "version": "4.2.8"
        }
      }
    },
    "@enhance/arc-plugin-rollup": {
      "version": "2.0.0",
      "requires": {
        "@rollup/plugin-commonjs": "^24.0.1",
        "@rollup/plugin-node-resolve": "^15.0.1",
        "rollup": "^3.7.4"
      }
    },
    "@enhance/arc-plugin-styles": {
      "version": "3.0.3",
      "requires": {
        "@architect/functions": "^5.3.1",
        "@architect/inventory": "^3.3.4",
        "@enhance/styles": "^5.0.4"
      }
    },
    "@enhance/css-parser": {
      "version": "1.0.0",
      "requires": {
        "inherits": "^2.0.4",
        "source-map": "^0.6.1",
        "source-map-resolve": "^0.6.0"
      }
    },
    "@enhance/enhance-style-transform": {
      "version": "0.1.1",
      "requires": {
        "@enhance/css-parser": "^1.0.0"
      }
    },
    "@enhance/form-elements": {
      "version": "git+ssh://git@github.com/enhance-dev/form-elements.git#4df97dabc74fa16917d975f7c1ffa5d5690cf1b1",
      "from": "@enhance/form-elements@github:enhance-dev/form-elements",
      "requires": {}
    },
    "@enhance/import-transform": {
      "version": "4.0.0",
      "requires": {
        "@architect/functions": "^5.1.0"
      }
    },
    "@enhance/ssr": {
      "version": "3.4.0",
      "requires": {
        "@begin/parse5": "^0.0.4",
        "nanoid": "^4.0.1"
      }
    },
    "@enhance/styles": {
      "version": "5.0.4",
      "requires": {
        "color-to-hsla": "^0.1.1"
      }
    },
    "@isaacs/cliui": {
      "version": "8.0.2",
      "requires": {
        "string-width": "^5.1.2",
        "string-width-cjs": "npm:string-width@^4.2.0",
        "strip-ansi": "^7.0.1",
        "strip-ansi-cjs": "npm:strip-ansi@^6.0.1",
        "wrap-ansi": "^8.1.0",
        "wrap-ansi-cjs": "npm:wrap-ansi@^7.0.0"
      },
      "dependencies": {
        "ansi-regex": {
          "version": "6.0.1"
        },
        "strip-ansi": {
          "version": "7.1.0",
          "requires": {
            "ansi-regex": "^6.0.1"
          }
        }
      }
    },
    "@jridgewell/sourcemap-codec": {
      "version": "1.4.15"
    },
    "@pkgjs/parseargs": {
      "version": "0.11.0",
      "optional": true
    },
    "@rollup/plugin-commonjs": {
      "version": "24.1.0",
      "requires": {
        "@rollup/pluginutils": "^5.0.1",
        "commondir": "^1.0.1",
        "estree-walker": "^2.0.2",
        "glob": "^8.0.3",
        "is-reference": "1.2.1",
        "magic-string": "^0.27.0"
      },
      "dependencies": {
        "brace-expansion": {
          "version": "2.0.1",
          "requires": {
            "balanced-match": "^1.0.0"
          }
        },
        "glob": {
          "version": "8.1.0",
          "requires": {
            "fs.realpath": "^1.0.0",
            "inflight": "^1.0.4",
            "inherits": "2",
            "minimatch": "^5.0.1",
            "once": "^1.3.0"
          }
        },
        "minimatch": {
          "version": "5.1.6",
          "requires": {
            "brace-expansion": "^2.0.1"
          }
        }
      }
    },
    "@rollup/plugin-node-resolve": {
      "version": "15.1.0",
      "requires": {
        "@rollup/pluginutils": "^5.0.1",
        "@types/resolve": "1.20.2",
        "deepmerge": "^4.2.2",
        "is-builtin-module": "^3.2.1",
        "is-module": "^1.0.0",
        "resolve": "^1.22.1"
      }
    },
    "@rollup/pluginutils": {
      "version": "5.0.2",
      "requires": {
        "@types/estree": "^1.0.0",
        "estree-walker": "^2.0.2",
        "picomatch": "^2.3.1"
      }
    },
    "@types/estree": {
      "version": "1.0.1"
    },
    "@types/resolve": {
      "version": "1.20.2"
    },
    "ansi-regex": {
      "version": "5.0.1"
    },
    "ansi-styles": {
      "version": "4.3.0",
      "requires": {
        "color-convert": "^2.0.1"
      }
    },
    "atob": {
      "version": "2.1.2"
    },
    "balanced-match": {
      "version": "1.0.2"
    },
    "builtin-modules": {
      "version": "3.3.0"
    },
    "chalk": {
      "version": "4.1.2",
      "requires": {
        "ansi-styles": "^4.1.0",
        "supports-color": "^7.1.0"
      }
    },
    "color-convert": {
      "version": "2.0.1",
      "requires": {
        "color-name": "~1.1.4"
      }
    },
    "color-name": {
      "version": "1.1.4"
    },
    "color-to-hsla": {
      "version": "0.1.1"
    },
    "commondir": {
      "version": "1.0.1"
    },
    "cookie": {
      "version": "0.5.0"
    },
    "cookie-signature": {
      "version": "1.2.1"
    },
    "cross-spawn": {
      "version": "7.0.3",
      "requires": {
        "path-key": "^3.1.0",
        "shebang-command": "^2.0.0",
        "which": "^2.0.1"
      }
    },
    "csrf": {
      "version": "3.1.0",
      "requires": {
        "rndm": "1.2.0",
        "tsscmp": "1.0.6",
        "uid-safe": "2.1.5"
      }
    },
    "decode-uri-component": {
      "version": "0.2.2"
    },
    "deepmerge": {
      "version": "4.3.1"
    },
    "eastasianwidth": {
      "version": "0.2.0"
    },
    "emoji-regex": {
      "version": "9.2.2"
    },
    "entities": {
      "version": "4.5.0"
    },
    "esbuild": {
      "version": "0.15.18",
      "requires": {
        "@esbuild/android-arm": "0.15.18",
        "@esbuild/linux-loong64": "0.15.18",
        "esbuild-android-64": "0.15.18",
        "esbuild-android-arm64": "0.15.18",
        "esbuild-darwin-64": "0.15.18",
        "esbuild-darwin-arm64": "0.15.18",
        "esbuild-freebsd-64": "0.15.18",
        "esbuild-freebsd-arm64": "0.15.18",
        "esbuild-linux-32": "0.15.18",
        "esbuild-linux-64": "0.15.18",
        "esbuild-linux-arm": "0.15.18",
        "esbuild-linux-arm64": "0.15.18",
        "esbuild-linux-mips64le": "0.15.18",
        "esbuild-linux-ppc64le": "0.15.18",
        "esbuild-linux-riscv64": "0.15.18",
        "esbuild-linux-s390x": "0.15.18",
        "esbuild-netbsd-64": "0.15.18",
        "esbuild-openbsd-64": "0.15.18",
        "esbuild-sunos-64": "0.15.18",
        "esbuild-windows-32": "0.15.18",
        "esbuild-windows-64": "0.15.18",
        "esbuild-windows-arm64": "0.15.18"
      }
    },
    "esbuild-darwin-arm64": {
      "version": "0.15.18",
      "optional": true
    },
    "estree-walker": {
      "version": "2.0.2"
    },
    "foreground-child": {
      "version": "3.1.1",
      "requires": {
        "cross-spawn": "^7.0.0",
        "signal-exit": "^4.0.1"
      }
    },
    "fs.realpath": {
      "version": "1.0.0"
    },
    "fsevents": {
      "version": "2.3.2",
      "optional": true
    },
    "function-bind": {
      "version": "1.1.1"
    },
    "glob": {
      "version": "10.2.6",
      "requires": {
        "foreground-child": "^3.1.0",
        "jackspeak": "^2.0.3",
        "minimatch": "^9.0.1",
        "minipass": "^5.0.0 || ^6.0.2",
        "path-scurry": "^1.7.0"
      },
      "dependencies": {
        "brace-expansion": {
          "version": "2.0.1",
          "requires": {
            "balanced-match": "^1.0.0"
          }
        },
        "minimatch": {
          "version": "9.0.1",
          "requires": {
            "brace-expansion": "^2.0.1"
          }
        }
      }
    },
    "graceful-fs": {
      "version": "4.2.11"
    },
    "has": {
      "version": "1.0.3",
      "requires": {
        "function-bind": "^1.1.1"
      }
    },
    "has-flag": {
      "version": "4.0.0"
    },
    "inflight": {
      "version": "1.0.6",
      "requires": {
        "once": "^1.3.0",
        "wrappy": "1"
      }
    },
    "inherits": {
      "version": "2.0.4"
    },
    "is-builtin-module": {
      "version": "3.2.1",
      "requires": {
        "builtin-modules": "^3.3.0"
      }
    },
    "is-core-module": {
      "version": "2.12.1",
      "requires": {
        "has": "^1.0.3"
      }
    },
    "is-fullwidth-code-point": {
      "version": "3.0.0"
    },
    "is-module": {
      "version": "1.0.0"
    },
    "is-reference": {
      "version": "1.2.1",
      "requires": {
        "@types/estree": "*"
      }
    },
    "isexe": {
      "version": "2.0.0"
    },
    "jackspeak": {
      "version": "2.2.1",
      "requires": {
        "@isaacs/cliui": "^8.0.2",
        "@pkgjs/parseargs": "^0.11.0"
      }
    },
    "jsonschema": {
      "version": "1.4.1"
    },
    "lambda-runtimes": {
      "version": "1.1.4"
    },
    "lru-cache": {
      "version": "9.1.2"
    },
    "magic-string": {
      "version": "0.27.0",
      "requires": {
        "@jridgewell/sourcemap-codec": "^1.4.13"
      }
    },
    "mimic-fn": {
      "version": "2.1.0"
    },
    "minipass": {
      "version": "6.0.2"
    },
    "nanoid": {
      "version": "4.0.2"
    },
    "newbase60": {
      "version": "1.3.1"
    },
    "node-webtokens": {
      "version": "1.0.4"
    },
    "once": {
      "version": "1.4.0",
      "requires": {
        "wrappy": "1"
      }
    },
    "onetime": {
      "version": "5.1.2",
      "requires": {
        "mimic-fn": "^2.1.0"
      }
    },
    "parse5": {
      "version": "7.1.2",
      "requires": {
        "entities": "^4.4.0"
      }
    },
    "path-key": {
      "version": "3.1.1"
    },
    "path-parse": {
      "version": "1.0.7"
    },
    "path-scurry": {
      "version": "1.9.2",
      "requires": {
        "lru-cache": "^9.1.1",
        "minipass": "^5.0.0 || ^6.0.2"
      }
    },
    "path-sort": {
      "version": "0.1.0"
    },
    "path-to-regexp": {
      "version": "6.2.1"
    },
    "picomatch": {
      "version": "2.3.1"
    },
    "queue-microtask": {
      "version": "1.2.3"
    },
    "random-bytes": {
      "version": "1.0.0"
    },
    "resolve": {
      "version": "1.22.2",
      "requires": {
        "is-core-module": "^2.11.0",
        "path-parse": "^1.0.7",
        "supports-preserve-symlinks-flag": "^1.0.0"
      }
    },
    "restore-cursor": {
      "version": "3.1.0",
      "requires": {
        "onetime": "^5.1.0",
        "signal-exit": "^3.0.2"
      },
      "dependencies": {
        "signal-exit": {
          "version": "3.0.7"
        }
      }
    },
    "rndm": {
      "version": "1.2.0"
    },
    "rollup": {
      "version": "3.23.1",
      "requires": {
        "fsevents": "~2.3.2"
      }
    },
    "run-parallel": {
      "version": "1.2.0",
      "requires": {
        "queue-microtask": "^1.2.2"
      }
    },
    "run-series": {
      "version": "1.1.9"
    },
    "run-waterfall": {
      "version": "1.1.7"
    },
    "sha": {
      "version": "3.0.0",
      "requires": {
        "graceful-fs": "^4.1.2"
      }
    },
    "shebang-command": {
      "version": "2.0.0",
      "requires": {
        "shebang-regex": "^3.0.0"
      }
    },
    "shebang-regex": {
      "version": "3.0.0"
    },
    "signal-exit": {
      "version": "4.0.2"
    },
    "source-map": {
      "version": "0.6.1"
    },
    "source-map-resolve": {
      "version": "0.6.0",
      "requires": {
        "atob": "^2.1.2",
        "decode-uri-component": "^0.2.0"
      }
    },
    "string-width": {
      "version": "5.1.2",
      "requires": {
        "eastasianwidth": "^0.2.0",
        "emoji-regex": "^9.2.2",
        "strip-ansi": "^7.0.1"
      },
      "dependencies": {
        "ansi-regex": {
          "version": "6.0.1"
        },
        "strip-ansi": {
          "version": "7.1.0",
          "requires": {
            "ansi-regex": "^6.0.1"
          }
        }
      }
    },
    "string-width-cjs": {
      "version": "npm:string-width@4.2.3",
      "requires": {
        "emoji-regex": "^8.0.0",
        "is-fullwidth-code-point": "^3.0.0",
        "strip-ansi": "^6.0.1"
      },
      "dependencies": {
        "emoji-regex": {
          "version": "8.0.0"
        }
      }
    },
    "strip-ansi": {
      "version": "6.0.1",
      "requires": {
        "ansi-regex": "^5.0.1"
      }
    },
    "strip-ansi-cjs": {
      "version": "npm:strip-ansi@6.0.1",
      "requires": {
        "ansi-regex": "^5.0.1"
      }
    },
    "supports-color": {
      "version": "7.2.0",
      "requires": {
        "has-flag": "^4.0.0"
      }
    },
    "supports-preserve-symlinks-flag": {
      "version": "1.0.0"
    },
    "tsscmp": {
      "version": "1.0.6"
    },
    "uid-safe": {
      "version": "2.1.5",
      "requires": {
        "random-bytes": "~1.0.0"
      }
    },
    "which": {
      "version": "2.0.2",
      "requires": {
        "isexe": "^2.0.0"
      }
    },
    "wrap-ansi": {
      "version": "8.1.0",
      "requires": {
        "ansi-styles": "^6.1.0",
        "string-width": "^5.0.1",
        "strip-ansi": "^7.0.1"
      },
      "dependencies": {
        "ansi-regex": {
          "version": "6.0.1"
        },
        "ansi-styles": {
          "version": "6.2.1"
        },
        "strip-ansi": {
          "version": "7.1.0",
          "requires": {
            "ansi-regex": "^6.0.1"
          }
        }
      }
    },
    "wrap-ansi-cjs": {
      "version": "npm:wrap-ansi@7.0.0",
      "requires": {
        "ansi-styles": "^4.0.0",
        "string-width": "^4.1.0",
        "strip-ansi": "^6.0.0"
      },
      "dependencies": {
        "emoji-regex": {
          "version": "8.0.0"
        },
        "string-width": {
          "version": "4.2.3",
          "requires": {
            "emoji-regex": "^8.0.0",
            "is-fullwidth-code-point": "^3.0.0",
            "strip-ansi": "^6.0.1"
          }
        }
      }
    },
    "wrappy": {
      "version": "1.0.2"
    }
  }
}
